// !$*UTF8*$!
{
	archiveVersion = 1;
	classes = {
	};
	objectVersion = 50;
	objects = {

/* Begin PBXBuildFile section */
		E3DD0DE522B2EEF700C10018 /* AppDelegate.swift in Sources */ = {isa = PBXBuildFile; fileRef = E3DD0DE422B2EEF700C10018 /* AppDelegate.swift */; };
		E3DD0DE722B2EEF700C10018 /* SceneDelegate.swift in Sources */ = {isa = PBXBuildFile; fileRef = E3DD0DE622B2EEF700C10018 /* SceneDelegate.swift */; };
		E3DD0DE922B2EEF700C10018 /* ViewController.swift in Sources */ = {isa = PBXBuildFile; fileRef = E3DD0DE822B2EEF700C10018 /* ViewController.swift */; };
		E3DD0DEC22B2EEF700C10018 /* Main.storyboard in Resources */ = {isa = PBXBuildFile; fileRef = E3DD0DEA22B2EEF700C10018 /* Main.storyboard */; };
		E3DD0DEE22B2EEFA00C10018 /* Assets.xcassets in Resources */ = {isa = PBXBuildFile; fileRef = E3DD0DED22B2EEFA00C10018 /* Assets.xcassets */; };
		E3DD0DF122B2EEFA00C10018 /* LaunchScreen.storyboard in Resources */ = {isa = PBXBuildFile; fileRef = E3DD0DEF22B2EEFA00C10018 /* LaunchScreen.storyboard */; };
		E3DD0DFC22B2EEFA00C10018 /* TDDTests.swift in Sources */ = {isa = PBXBuildFile; fileRef = E3DD0DFB22B2EEFA00C10018 /* TDDTests.swift */; };
		E3DD0E0722B2EF6300C10018 /* User.swift in Sources */ = {isa = PBXBuildFile; fileRef = E3DD0E0622B2EF6300C10018 /* User.swift */; };
/* End PBXBuildFile section */

/* Begin PBXContainerItemProxy section */
		E3DD0DF822B2EEFA00C10018 /* PBXContainerItemProxy */ = {
			isa = PBXContainerItemProxy;
			containerPortal = E3DD0DD922B2EEF700C10018 /* Project object */;
			proxyType = 1;
			remoteGlobalIDString = E3DD0DE022B2EEF700C10018;
			remoteInfo = TDD;
		};
/* End PBXContainerItemProxy section */

/* Begin PBXFileReference section */
		E3DD0DE122B2EEF700C10018 /* TDD.app */ = {isa = PBXFileReference; explicitFileType = wrapper.application; includeInIndex = 0; path = TDD.app; sourceTree = BUILT_PRODUCTS_DIR; };
		E3DD0DE422B2EEF700C10018 /* AppDelegate.swift */ = {isa = PBXFileReference; lastKnownFileType = sourcecode.swift; path = AppDelegate.swift; sourceTree = "<group>"; };
		E3DD0DE622B2EEF700C10018 /* SceneDelegate.swift */ = {isa = PBXFileReference; lastKnownFileType = sourcecode.swift; path = SceneDelegate.swift; sourceTree = "<group>"; };
		E3DD0DE822B2EEF700C10018 /* ViewController.swift */ = {isa = PBXFileReference; lastKnownFileType = sourcecode.swift; path = ViewController.swift; sourceTree = "<group>"; };
		E3DD0DEB22B2EEF700C10018 /* Base */ = {isa = PBXFileReference; lastKnownFileType = file.storyboard; name = Base; path = Base.lproj/Main.storyboard; sourceTree = "<group>"; };
		E3DD0DED22B2EEFA00C10018 /* Assets.xcassets */ = {isa = PBXFileReference; lastKnownFileType = folder.assetcatalog; path = Assets.xcassets; sourceTree = "<group>"; };
		E3DD0DF022B2EEFA00C10018 /* Base */ = {isa = PBXFileReference; lastKnownFileType = file.storyboard; name = Base; path = Base.lproj/LaunchScreen.storyboard; sourceTree = "<group>"; };
		E3DD0DF222B2EEFA00C10018 /* Info.plist */ = {isa = PBXFileReference; lastKnownFileType = text.plist.xml; path = Info.plist; sourceTree = "<group>"; };
		E3DD0DF722B2EEFA00C10018 /* TDDTests.xctest */ = {isa = PBXFileReference; explicitFileType = wrapper.cfbundle; includeInIndex = 0; path = TDDTests.xctest; sourceTree = BUILT_PRODUCTS_DIR; };
		E3DD0DFB22B2EEFA00C10018 /* TDDTests.swift */ = {isa = PBXFileReference; lastKnownFileType = sourcecode.swift; path = TDDTests.swift; sourceTree = "<group>"; };
		E3DD0DFD22B2EEFA00C10018 /* Info.plist */ = {isa = PBXFileReference; lastKnownFileType = text.plist.xml; path = Info.plist; sourceTree = "<group>"; };
		E3DD0E0622B2EF6300C10018 /* User.swift */ = {isa = PBXFileReference; lastKnownFileType = sourcecode.swift; path = User.swift; sourceTree = "<group>"; };
/* End PBXFileReference section */

/* Begin PBXFrameworksBuildPhase section */
		E3DD0DDE22B2EEF700C10018 /* Frameworks */ = {
			isa = PBXFrameworksBuildPhase;
			buildActionMask = 2147483647;
			files = (
			);
			runOnlyForDeploymentPostprocessing = 0;
		};
		E3DD0DF422B2EEFA00C10018 /* Frameworks */ = {
			isa = PBXFrameworksBuildPhase;
			buildActionMask = 2147483647;
			files = (
			);
			runOnlyForDeploymentPostprocessing = 0;
		};
/* End PBXFrameworksBuildPhase section */

/* Begin PBXGroup section */
		E3DD0DD822B2EEF700C10018 = {
			isa = PBXGroup;
			children = (
				E3DD0DE322B2EEF700C10018 /* TDD */,
				E3DD0DFA22B2EEFA00C10018 /* TDDTests */,
				E3DD0DE222B2EEF700C10018 /* Products */,
			);
			sourceTree = "<group>";
		};
		E3DD0DE222B2EEF700C10018 /* Products */ = {
			isa = PBXGroup;
			children = (
				E3DD0DE122B2EEF700C10018 /* TDD.app */,
				E3DD0DF722B2EEFA00C10018 /* TDDTests.xctest */,
			);
			name = Products;
			sourceTree = "<group>";
		};
		E3DD0DE322B2EEF700C10018 /* TDD */ = {
			isa = PBXGroup;
			children = (
				E3DD0DE422B2EEF700C10018 /* AppDelegate.swift */,
				E3DD0DE622B2EEF700C10018 /* SceneDelegate.swift */,
				E3DD0DE822B2EEF700C10018 /* ViewController.swift */,
				E3DD0DEA22B2EEF700C10018 /* Main.storyboard */,
				E3DD0DED22B2EEFA00C10018 /* Assets.xcassets */,
				E3DD0DEF22B2EEFA00C10018 /* LaunchScreen.storyboard */,
				E3DD0DF222B2EEFA00C10018 /* Info.plist */,
				E3DD0E0622B2EF6300C10018 /* User.swift */,
			);
			path = TDD;
			sourceTree = "<group>";
		};
		E3DD0DFA22B2EEFA00C10018 /* TDDTests */ = {
			isa = PBXGroup;
			children = (
				E3DD0DFB22B2EEFA00C10018 /* TDDTests.swift */,
				E3DD0DFD22B2EEFA00C10018 /* Info.plist */,
			);
			path = TDDTests;
			sourceTree = "<group>";
		};
/* End PBXGroup section */

/* Begin PBXNativeTarget section */
		E3DD0DE022B2EEF700C10018 /* TDD */ = {
			isa = PBXNativeTarget;
			buildConfigurationList = E3DD0E0022B2EEFA00C10018 /* Build configuration list for PBXNativeTarget "TDD" */;
			buildPhases = (
				E3DD0DDD22B2EEF700C10018 /* Sources */,
				E3DD0DDE22B2EEF700C10018 /* Frameworks */,
				E3DD0DDF22B2EEF700C10018 /* Resources */,
			);
			buildRules = (
			);
			dependencies = (
			);
			name = TDD;
			productName = TDD;
			productReference = E3DD0DE122B2EEF700C10018 /* TDD.app */;
			productType = "com.apple.product-type.application";
		};
		E3DD0DF622B2EEFA00C10018 /* TDDTests */ = {
			isa = PBXNativeTarget;
			buildConfigurationList = E3DD0E0322B2EEFA00C10018 /* Build configuration list for PBXNativeTarget "TDDTests" */;
			buildPhases = (
				E3DD0DF322B2EEFA00C10018 /* Sources */,
				E3DD0DF422B2EEFA00C10018 /* Frameworks */,
				E3DD0DF522B2EEFA00C10018 /* Resources */,
			);
			buildRules = (
			);
			dependencies = (
				E3DD0DF922B2EEFA00C10018 /* PBXTargetDependency */,
			);
			name = TDDTests;
			productName = TDDTests;
			productReference = E3DD0DF722B2EEFA00C10018 /* TDDTests.xctest */;
			productType = "com.apple.product-type.bundle.unit-test";
		};
/* End PBXNativeTarget section */

/* Begin PBXProject section */
		E3DD0DD922B2EEF700C10018 /* Project object */ = {
			isa = PBXProject;
			attributes = {
				LastSwiftUpdateCheck = 1100;
				LastUpgradeCheck = 1100;
				ORGANIZATIONNAME = "Miguel Herrero";
				TargetAttributes = {
					E3DD0DE022B2EEF700C10018 = {
						CreatedOnToolsVersion = 11.0;
					};
					E3DD0DF622B2EEFA00C10018 = {
						CreatedOnToolsVersion = 11.0;
						TestTargetID = E3DD0DE022B2EEF700C10018;
					};
				};
			};
			buildConfigurationList = E3DD0DDC22B2EEF700C10018 /* Build configuration list for PBXProject "TDD" */;
			compatibilityVersion = "Xcode 9.3";
			developmentRegion = en;
			hasScannedForEncodings = 0;
			knownRegions = (
				en,
				Base,
			);
			mainGroup = E3DD0DD822B2EEF700C10018;
			productRefGroup = E3DD0DE222B2EEF700C10018 /* Products */;
			projectDirPath = "";
			projectRoot = "";
			targets = (
				E3DD0DE022B2EEF700C10018 /* TDD */,
				E3DD0DF622B2EEFA00C10018 /* TDDTests */,
			);
		};
/* End PBXProject section */

/* Begin PBXResourcesBuildPhase section */
		E3DD0DDF22B2EEF700C10018 /* Resources */ = {
			isa = PBXResourcesBuildPhase;
			buildActionMask = 2147483647;
			files = (
				E3DD0DF122B2EEFA00C10018 /* LaunchScreen.storyboard in Resources */,
				E3DD0DEE22B2EEFA00C10018 /* Assets.xcassets in Resources */,
				E3DD0DEC22B2EEF700C10018 /* Main.storyboard in Resources */,
			);
			runOnlyForDeploymentPostprocessing = 0;
		};
		E3DD0DF522B2EEFA00C10018 /* Resources */ = {
			isa = PBXResourcesBuildPhase;
			buildActionMask = 2147483647;
			files = (
			);
			runOnlyForDeploymentPostprocessing = 0;
		};
/* End PBXResourcesBuildPhase section */

/* Begin PBXSourcesBuildPhase section */
		E3DD0DDD22B2EEF700C10018 /* Sources */ = {
			isa = PBXSourcesBuildPhase;
			buildActionMask = 2147483647;
			files = (
				E3DD0E0722B2EF6300C10018 /* User.swift in Sources */,
				E3DD0DE922B2EEF700C10018 /* ViewController.swift in Sources */,
				E3DD0DE522B2EEF700C10018 /* AppDelegate.swift in Sources */,
				E3DD0DE722B2EEF700C10018 /* SceneDelegate.swift in Sources */,
			);
			runOnlyForDeploymentPostprocessing = 0;
		};
		E3DD0DF322B2EEFA00C10018 /* Sources */ = {
			isa = PBXSourcesBuildPhase;
			buildActionMask = 2147483647;
			files = (
				E3DD0DFC22B2EEFA00C10018 /* TDDTests.swift in Sources */,
			);
			runOnlyForDeploymentPostprocessing = 0;
		};
/* End PBXSourcesBuildPhase section */

/* Begin PBXTargetDependency section */
		E3DD0DF922B2EEFA00C10018 /* PBXTargetDependency */ = {
			isa = PBXTargetDependency;
			target = E3DD0DE022B2EEF700C10018 /* TDD */;
			targetProxy = E3DD0DF822B2EEFA00C10018 /* PBXContainerItemProxy */;
		};
/* End PBXTargetDependency section */

/* Begin PBXVariantGroup section */
		E3DD0DEA22B2EEF700C10018 /* Main.storyboard */ = {
			isa = PBXVariantGroup;
			children = (
				E3DD0DEB22B2EEF700C10018 /* Base */,
			);
			name = Main.storyboard;
			sourceTree = "<group>";
		};
		E3DD0DEF22B2EEFA00C10018 /* LaunchScreen.storyboard */ = {
			isa = PBXVariantGroup;
			children = (
				E3DD0DF022B2EEFA00C10018 /* Base */,
			);
			name = LaunchScreen.storyboard;
			sourceTree = "<group>";
		};
/* End PBXVariantGroup section */

/* Begin XCBuildConfiguration section */
		E3DD0DFE22B2EEFA00C10018 /* Debug */ = {
			isa = XCBuildConfiguration;
			buildSettings = {
				ALWAYS_SEARCH_USER_PATHS = NO;
				CLANG_ANALYZER_NONNULL = YES;
				CLANG_ANALYZER_NUMBER_OBJECT_CONVERSION = YES_AGGRESSIVE;
				CLANG_CXX_LANGUAGE_STANDARD = "gnu++14";
				CLANG_CXX_LIBRARY = "libc++";
				CLANG_ENABLE_MODULES = YES;
				CLANG_ENABLE_OBJC_ARC = YES;
				CLANG_ENABLE_OBJC_WEAK = YES;
				CLANG_WARN_BLOCK_CAPTURE_AUTORELEASING = YES;
				CLANG_WARN_BOOL_CONVERSION = YES;
				CLANG_WARN_COMMA = YES;
				CLANG_WARN_CONSTANT_CONVERSION = YES;
				CLANG_WARN_DEPRECATED_OBJC_IMPLEMENTATIONS = YES;
				CLANG_WARN_DIRECT_OBJC_ISA_USAGE = YES_ERROR;
				CLANG_WARN_DOCUMENTATION_COMMENTS = YES;
				CLANG_WARN_EMPTY_BODY = YES;
				CLANG_WARN_ENUM_CONVERSION = YES;
				CLANG_WARN_INFINITE_RECURSION = YES;
				CLANG_WARN_INT_CONVERSION = YES;
				CLANG_WARN_NON_LITERAL_NULL_CONVERSION = YES;
				CLANG_WARN_OBJC_IMPLICIT_RETAIN_SELF = YES;
				CLANG_WARN_OBJC_LITERAL_CONVERSION = YES;
				CLANG_WARN_OBJC_ROOT_CLASS = YES_ERROR;
				CLANG_WARN_RANGE_LOOP_ANALYSIS = YES;
				CLANG_WARN_STRICT_PROTOTYPES = YES;
				CLANG_WARN_SUSPICIOUS_MOVE = YES;
				CLANG_WARN_UNGUARDED_AVAILABILITY = YES_AGGRESSIVE;
				CLANG_WARN_UNREACHABLE_CODE = YES;
				CLANG_WARN__DUPLICATE_METHOD_MATCH = YES;
				COPY_PHASE_STRIP = NO;
				DEBUG_INFORMATION_FORMAT = dwarf;
				ENABLE_STRICT_OBJC_MSGSEND = YES;
				ENABLE_TESTABILITY = YES;
				GCC_C_LANGUAGE_STANDARD = gnu11;
				GCC_DYNAMIC_NO_PIC = NO;
				GCC_NO_COMMON_BLOCKS = YES;
				GCC_OPTIMIZATION_LEVEL = 0;
				GCC_PREPROCESSOR_DEFINITIONS = (
					"DEBUG=1",
					"$(inherited)",
				);
				GCC_WARN_64_TO_32_BIT_CONVERSION = YES;
				GCC_WARN_ABOUT_RETURN_TYPE = YES_ERROR;
				GCC_WARN_UNDECLARED_SELECTOR = YES;
				GCC_WARN_UNINITIALIZED_AUTOS = YES_AGGRESSIVE;
				GCC_WARN_UNUSED_FUNCTION = YES;
				GCC_WARN_UNUSED_VARIABLE = YES;
				IPHONEOS_DEPLOYMENT_TARGET = 13.0;
				MTL_ENABLE_DEBUG_INFO = INCLUDE_SOURCE;
				MTL_FAST_MATH = YES;
				ONLY_ACTIVE_ARCH = YES;
				SDKROOT = iphoneos;
				SWIFT_ACTIVE_COMPILATION_CONDITIONS = DEBUG;
				SWIFT_OPTIMIZATION_LEVEL = "-Onone";
			};
			name = Debug;
		};
		E3DD0DFF22B2EEFA00C10018 /* Release */ = {
			isa = XCBuildConfiguration;
			buildSettings = {
				ALWAYS_SEARCH_USER_PATHS = NO;
				CLANG_ANALYZER_NONNULL = YES;
				CLANG_ANALYZER_NUMBER_OBJECT_CONVERSION = YES_AGGRESSIVE;
				CLANG_CXX_LANGUAGE_STANDARD = "gnu++14";
				CLANG_CXX_LIBRARY = "libc++";
				CLANG_ENABLE_MODULES = YES;
				CLANG_ENABLE_OBJC_ARC = YES;
				CLANG_ENABLE_OBJC_WEAK = YES;
				CLANG_WARN_BLOCK_CAPTURE_AUTORELEASING = YES;
				CLANG_WARN_BOOL_CONVERSION = YES;
				CLANG_WARN_COMMA = YES;
				CLANG_WARN_CONSTANT_CONVERSION = YES;
				CLANG_WARN_DEPRECATED_OBJC_IMPLEMENTATIONS = YES;
				CLANG_WARN_DIRECT_OBJC_ISA_USAGE = YES_ERROR;
				CLANG_WARN_DOCUMENTATION_COMMENTS = YES;
				CLANG_WARN_EMPTY_BODY = YES;
				CLANG_WARN_ENUM_CONVERSION = YES;
				CLANG_WARN_INFINITE_RECURSION = YES;
				CLANG_WARN_INT_CONVERSION = YES;
				CLANG_WARN_NON_LITERAL_NULL_CONVERSION = YES;
				CLANG_WARN_OBJC_IMPLICIT_RETAIN_SELF = YES;
				CLANG_WARN_OBJC_LITERAL_CONVERSION = YES;
				CLANG_WARN_OBJC_ROOT_CLASS = YES_ERROR;
				CLANG_WARN_RANGE_LOOP_ANALYSIS = YES;
				CLANG_WARN_STRICT_PROTOTYPES = YES;
				CLANG_WARN_SUSPICIOUS_MOVE = YES;
				CLANG_WARN_UNGUARDED_AVAILABILITY = YES_AGGRESSIVE;
				CLANG_WARN_UNREACHABLE_CODE = YES;
				CLANG_WARN__DUPLICATE_METHOD_MATCH = YES;
				COPY_PHASE_STRIP = NO;
				DEBUG_INFORMATION_FORMAT = "dwarf-with-dsym";
				ENABLE_NS_ASSERTIONS = NO;
				ENABLE_STRICT_OBJC_MSGSEND = YES;
				GCC_C_LANGUAGE_STANDARD = gnu11;
				GCC_NO_COMMON_BLOCKS = YES;
				GCC_WARN_64_TO_32_BIT_CONVERSION = YES;
				GCC_WARN_ABOUT_RETURN_TYPE = YES_ERROR;
				GCC_WARN_UNDECLARED_SELECTOR = YES;
				GCC_WARN_UNINITIALIZED_AUTOS = YES_AGGRESSIVE;
				GCC_WARN_UNUSED_FUNCTION = YES;
				GCC_WARN_UNUSED_VARIABLE = YES;
				IPHONEOS_DEPLOYMENT_TARGET = 13.0;
				MTL_ENABLE_DEBUG_INFO = NO;
				MTL_FAST_MATH = YES;
				SDKROOT = iphoneos;
				SWIFT_COMPILATION_MODE = wholemodule;
				SWIFT_OPTIMIZATION_LEVEL = "-O";
				VALIDATE_PRODUCT = YES;
			};
			name = Release;
		};
		E3DD0E0122B2EEFA00C10018 /* Debug */ = {
			isa = XCBuildConfiguration;
			buildSettings = {
				ASSETCATALOG_COMPILER_APPICON_NAME = AppIcon;
				CODE_SIGN_STYLE = Automatic;
				INFOPLIST_FILE = TDD/Info.plist;
				LD_RUNPATH_SEARCH_PATHS = (
					"$(inherited)",
					"@executable_path/Frameworks",
				);
				PRODUCT_BUNDLE_IDENTIFIER = es.miguelherrero.TDD;
				PRODUCT_NAME = "$(TARGET_NAME)";
				SWIFT_VERSION = 5.0;
				TARGETED_DEVICE_FAMILY = "1,2";
			};
			name = Debug;
		};
		E3DD0E0222B2EEFA00C10018 /* Release */ = {
			isa = XCBuildConfiguration;
			buildSettings = {
				ASSETCATALOG_COMPILER_APPICON_NAME = AppIcon;
				CODE_SIGN_STYLE = Automatic;
				INFOPLIST_FILE = TDD/Info.plist;
				LD_RUNPATH_SEARCH_PATHS = (
					"$(inherited)",
					"@executable_path/Frameworks",
				);
				PRODUCT_BUNDLE_IDENTIFIER = es.miguelherrero.TDD;
				PRODUCT_NAME = "$(TARGET_NAME)";
				SWIFT_VERSION = 5.0;
				TARGETED_DEVICE_FAMILY = "1,2";
			};
			name = Release;
		};
		E3DD0E0422B2EEFA00C10018 /* Debug */ = {
			isa = XCBuildConfiguration;
			buildSettings = {
				ALWAYS_EMBED_SWIFT_STANDARD_LIBRARIES = YES;
				BUNDLE_LOADER = "$(TEST_HOST)";
				CODE_SIGN_STYLE = Automatic;
				INFOPLIST_FILE = TDDTests/Info.plist;
				LD_RUNPATH_SEARCH_PATHS = (
					"$(inherited)",
					"@executable_path/Frameworks",
					"@loader_path/Frameworks",
				);
				PRODUCT_BUNDLE_IDENTIFIER = es.miguelherrero.TDDTests;
				PRODUCT_NAME = "$(TARGET_NAME)";
				SWIFT_VERSION = 5.0;
				TARGETED_DEVICE_FAMILY = "1,2";
				TEST_HOST = "$(BUILT_PRODUCTS_DIR)/TDD.app/TDD";
			};
			name = Debug;
		};
		E3DD0E0522B2EEFA00C10018 /* Release */ = {
			isa = XCBuildConfiguration;
			buildSettings = {
				ALWAYS_EMBED_SWIFT_STANDARD_LIBRARIES = YES;
				BUNDLE_LOADER = "$(TEST_HOST)";
				CODE_SIGN_STYLE = Automatic;
				INFOPLIST_FILE = TDDTests/Info.plist;
				LD_RUNPATH_SEARCH_PATHS = (
					"$(inherited)",
					"@executable_path/Frameworks",
					"@loader_path/Frameworks",
				);
				PRODUCT_BUNDLE_IDENTIFIER = es.miguelherrero.TDDTests;
				PRODUCT_NAME = "$(TARGET_NAME)";
				SWIFT_VERSION = 5.0;
				TARGETED_DEVICE_FAMILY = "1,2";
				TEST_HOST = "$(BUILT_PRODUCTS_DIR)/TDD.app/TDD";
			};
			name = Release;
		};
/* End XCBuildConfiguration section */

/* Begin XCConfigurationList section */
		E3DD0DDC22B2EEF700C10018 /* Build configuration list for PBXProject "TDD" */ = {
			isa = XCConfigurationList;
			buildConfigurations = (
				E3DD0DFE22B2EEFA00C10018 /* Debug */,
				E3DD0DFF22B2EEFA00C10018 /* Release */,
			);
			defaultConfigurationIsVisible = 0;
			defaultConfigurationName = Release;
		};
		E3DD0E0022B2EEFA00C10018 /* Build configuration list for PBXNativeTarget "TDD" */ = {
			isa = XCConfigurationList;
			buildConfigurations = (
				E3DD0E0122B2EEFA00C10018 /* Debug */,
				E3DD0E0222B2EEFA00C10018 /* Release */,
			);
			defaultConfigurationIsVisible = 0;
			defaultConfigurationName = Release;
		};
		E3DD0E0322B2EEFA00C10018 /* Build configuration list for PBXNativeTarget "TDDTests" */ = {
			isa = XCConfigurationList;
			buildConfigurations = (
				E3DD0E0422B2EEFA00C10018 /* Debug */,
				E3DD0E0522B2EEFA00C10018 /* Release */,
			);
			defaultConfigurationIsVisible = 0;
			defaultConfigurationName = Release;
		};
/* End XCConfigurationList section */
	};
	rootObject = E3DD0DD922B2EEF700C10018 /* Project object */;
}
